// !$*UTF8*$!
{
	archiveVersion = 1;
	classes = {
	};
	objectVersion = 56;
	objects = {

/* Begin PBXBuildFile section */
		27543CF4294DEE7F00E8D3F1 /* RemoteLoader+Posts.swift in Sources */ = {isa = PBXBuildFile; fileRef = 27543CF3294DEE7F00E8D3F1 /* RemoteLoader+Posts.swift */; };
		27543CFA294DF24B00E8D3F1 /* PostsEndpointTests.swift in Sources */ = {isa = PBXBuildFile; fileRef = 27543CF9294DF24B00E8D3F1 /* PostsEndpointTests.swift */; };
		27543CFC294DF31800E8D3F1 /* PostsEndpoint.swift in Sources */ = {isa = PBXBuildFile; fileRef = 27543CFB294DF31800E8D3F1 /* PostsEndpoint.swift */; };
		27543CFE294DF41200E8D3F1 /* PostComment.swift in Sources */ = {isa = PBXBuildFile; fileRef = 27543CFD294DF41200E8D3F1 /* PostComment.swift */; };
		27543D00294DF47E00E8D3F1 /* RemoteLoader+PostComment.swift in Sources */ = {isa = PBXBuildFile; fileRef = 27543CFF294DF47E00E8D3F1 /* RemoteLoader+PostComment.swift */; };
		27543D02294DF49600E8D3F1 /* PostCommentsLoader.swift in Sources */ = {isa = PBXBuildFile; fileRef = 27543D01294DF49600E8D3F1 /* PostCommentsLoader.swift */; };
		27543D04294DF5D600E8D3F1 /* RemotePostCommentsLoaderTests.swift in Sources */ = {isa = PBXBuildFile; fileRef = 27543D03294DF5D600E8D3F1 /* RemotePostCommentsLoaderTests.swift */; };
		27543D06294DF87400E8D3F1 /* PostCommentsEndpointTests.swift in Sources */ = {isa = PBXBuildFile; fileRef = 27543D05294DF87400E8D3F1 /* PostCommentsEndpointTests.swift */; };
		27543D08294DF88E00E8D3F1 /* PostCommentsEndpoint.swift in Sources */ = {isa = PBXBuildFile; fileRef = 27543D07294DF88E00E8D3F1 /* PostCommentsEndpoint.swift */; };
		27543D0E294DFA1900E8D3F1 /* HTTPClientSpy.swift in Sources */ = {isa = PBXBuildFile; fileRef = 27543D0D294DFA1900E8D3F1 /* HTTPClientSpy.swift */; };
		27543D10294DFC2D00E8D3F1 /* User.swift in Sources */ = {isa = PBXBuildFile; fileRef = 27543D0F294DFC2D00E8D3F1 /* User.swift */; };
		27543D12294DFC5800E8D3F1 /* UserLoader.swift in Sources */ = {isa = PBXBuildFile; fileRef = 27543D11294DFC5800E8D3F1 /* UserLoader.swift */; };
		27543D14294DFC7E00E8D3F1 /* RemoteLoader+User.swift in Sources */ = {isa = PBXBuildFile; fileRef = 27543D13294DFC7E00E8D3F1 /* RemoteLoader+User.swift */; };
		27543D18294DFDF300E8D3F1 /* RemoteUserLoaderTests.swift in Sources */ = {isa = PBXBuildFile; fileRef = 27543D17294DFDF300E8D3F1 /* RemoteUserLoaderTests.swift */; };
		27543D1A294E03A200E8D3F1 /* UserEndpointTests.swift in Sources */ = {isa = PBXBuildFile; fileRef = 27543D19294E03A200E8D3F1 /* UserEndpointTests.swift */; };
		27543D1C294E044400E8D3F1 /* UserEndpoint.swift in Sources */ = {isa = PBXBuildFile; fileRef = 27543D1B294E044400E8D3F1 /* UserEndpoint.swift */; };
		27543D22294E063B00E8D3F1 /* PostsPresenter.swift in Sources */ = {isa = PBXBuildFile; fileRef = 27543D21294E063B00E8D3F1 /* PostsPresenter.swift */; };
		27543D24294E068600E8D3F1 /* PostsView.swift in Sources */ = {isa = PBXBuildFile; fileRef = 27543D23294E068600E8D3F1 /* PostsView.swift */; };
		27543D26294E0BB400E8D3F1 /* ErrorView.swift in Sources */ = {isa = PBXBuildFile; fileRef = 27543D25294E0BB400E8D3F1 /* ErrorView.swift */; };
		27543D28294E0C3200E8D3F1 /* PostDetailView.swift in Sources */ = {isa = PBXBuildFile; fileRef = 27543D27294E0C3200E8D3F1 /* PostDetailView.swift */; };
		27543D2A294E0C6600E8D3F1 /* PostDetailPresenter.swift in Sources */ = {isa = PBXBuildFile; fileRef = 27543D29294E0C6600E8D3F1 /* PostDetailPresenter.swift */; };
		27543D2C294E11A600E8D3F1 /* PostLoader.swift in Sources */ = {isa = PBXBuildFile; fileRef = 27543D2B294E11A600E8D3F1 /* PostLoader.swift */; };
		27543D2E294E13B900E8D3F1 /* RemotePostLoaderTests.swift in Sources */ = {isa = PBXBuildFile; fileRef = 27543D2D294E13B900E8D3F1 /* RemotePostLoaderTests.swift */; };
		27543D33294E158D00E8D3F1 /* PostsPresenterTests.swift in Sources */ = {isa = PBXBuildFile; fileRef = 27543D32294E158D00E8D3F1 /* PostsPresenterTests.swift */; };
		27543D35294E17F900E8D3F1 /* LoadingView.swift in Sources */ = {isa = PBXBuildFile; fileRef = 27543D34294E17F800E8D3F1 /* LoadingView.swift */; };
		27543D38294E1F6600E8D3F1 /* PostDetailPresenterTests.swift in Sources */ = {isa = PBXBuildFile; fileRef = 27543D37294E1F6600E8D3F1 /* PostDetailPresenterTests.swift */; };
		27543D3A294E1F9700E8D3F1 /* PostsViewSpy.swift in Sources */ = {isa = PBXBuildFile; fileRef = 27543D39294E1F9700E8D3F1 /* PostsViewSpy.swift */; };
		27543D3C294E1FA000E8D3F1 /* ErrorViewSpy.swift in Sources */ = {isa = PBXBuildFile; fileRef = 27543D3B294E1FA000E8D3F1 /* ErrorViewSpy.swift */; };
		27543D3E294E1FA700E8D3F1 /* LoadingViewSpy.swift in Sources */ = {isa = PBXBuildFile; fileRef = 27543D3D294E1FA700E8D3F1 /* LoadingViewSpy.swift */; };
		27543D40294E1FB200E8D3F1 /* PostsLoaderSpy.swift in Sources */ = {isa = PBXBuildFile; fileRef = 27543D3F294E1FB200E8D3F1 /* PostsLoaderSpy.swift */; };
		27543D42294E2A4800E8D3F1 /* PostDetailViewSpy.swift in Sources */ = {isa = PBXBuildFile; fileRef = 27543D41294E2A4800E8D3F1 /* PostDetailViewSpy.swift */; };
		27543D44294E2A5C00E8D3F1 /* PostDetailsPresenderAdaterSpy.swift in Sources */ = {isa = PBXBuildFile; fileRef = 27543D43294E2A5C00E8D3F1 /* PostDetailsPresenderAdaterSpy.swift */; };
		27543D46294E2A8000E8D3F1 /* PostDetailsPresenderAdaterTests.swift in Sources */ = {isa = PBXBuildFile; fileRef = 27543D45294E2A8000E8D3F1 /* PostDetailsPresenderAdaterTests.swift */; };
		27543D48294E31E400E8D3F1 /* PostDetailsPresenderAdater.swift in Sources */ = {isa = PBXBuildFile; fileRef = 27543D47294E31E400E8D3F1 /* PostDetailsPresenderAdater.swift */; };
		27543D55294E33F600E8D3F1 /* Posts.storyboard in Resources */ = {isa = PBXBuildFile; fileRef = 27543D54294E33F600E8D3F1 /* Posts.storyboard */; };
		27543D57294E346200E8D3F1 /* PostsViewController.swift in Sources */ = {isa = PBXBuildFile; fileRef = 27543D56294E346200E8D3F1 /* PostsViewController.swift */; };
		27543D59294E360700E8D3F1 /* BasicTableViewCell.swift in Sources */ = {isa = PBXBuildFile; fileRef = 27543D58294E360700E8D3F1 /* BasicTableViewCell.swift */; };
		27543D5D294E5A0000E8D3F1 /* Model.xcdatamodeld in Sources */ = {isa = PBXBuildFile; fileRef = 27543D5B294E5A0000E8D3F1 /* Model.xcdatamodeld */; };
		27543D70294E5C3700E8D3F1 /* ManagedPostComment.swift in Sources */ = {isa = PBXBuildFile; fileRef = 27543D6A294E5C3700E8D3F1 /* ManagedPostComment.swift */; };
		27543D72294E5C3700E8D3F1 /* ManagedUser.swift in Sources */ = {isa = PBXBuildFile; fileRef = 27543D6C294E5C3700E8D3F1 /* ManagedUser.swift */; };
		27543D74294E5C3700E8D3F1 /* ManagedPost.swift in Sources */ = {isa = PBXBuildFile; fileRef = 27543D6E294E5C3700E8D3F1 /* ManagedPost.swift */; };
		27543D79294E5D2C00E8D3F1 /* CoreDataStore.swift in Sources */ = {isa = PBXBuildFile; fileRef = 27543D78294E5D2C00E8D3F1 /* CoreDataStore.swift */; };
		27543D7B294E609000E8D3F1 /* CoreDataStore+Posts.swift in Sources */ = {isa = PBXBuildFile; fileRef = 27543D7A294E609000E8D3F1 /* CoreDataStore+Posts.swift */; };
		27543D7D294E786300E8D3F1 /* PostCache.swift in Sources */ = {isa = PBXBuildFile; fileRef = 27543D7C294E786300E8D3F1 /* PostCache.swift */; };
		27543D81294E7D7E00E8D3F1 /* PostsPresenterAdapter.swift in Sources */ = {isa = PBXBuildFile; fileRef = 27543D80294E7D7E00E8D3F1 /* PostsPresenterAdapter.swift */; };
		27543D83294E944D00E8D3F1 /* PostsPresenterAdapterSpy.swift in Sources */ = {isa = PBXBuildFile; fileRef = 27543D82294E944D00E8D3F1 /* PostsPresenterAdapterSpy.swift */; };
		2785025C294F698800BEA288 /* PostDetailCache.swift in Sources */ = {isa = PBXBuildFile; fileRef = 2785025B294F698800BEA288 /* PostDetailCache.swift */; };
		27C6B10C294C164200A8C3B4 /* AppDelegate.swift in Sources */ = {isa = PBXBuildFile; fileRef = 27C6B10B294C164200A8C3B4 /* AppDelegate.swift */; };
		27C6B10E294C164200A8C3B4 /* SceneDelegate.swift in Sources */ = {isa = PBXBuildFile; fileRef = 27C6B10D294C164200A8C3B4 /* SceneDelegate.swift */; };
		27C6B110294C164200A8C3B4 /* ViewController.swift in Sources */ = {isa = PBXBuildFile; fileRef = 27C6B10F294C164200A8C3B4 /* ViewController.swift */; };
		27C6B115294C164400A8C3B4 /* Assets.xcassets in Resources */ = {isa = PBXBuildFile; fileRef = 27C6B114294C164400A8C3B4 /* Assets.xcassets */; };
		27C6B118294C164400A8C3B4 /* LaunchScreen.storyboard in Resources */ = {isa = PBXBuildFile; fileRef = 27C6B116294C164400A8C3B4 /* LaunchScreen.storyboard */; };
		27C6B13C294C189F00A8C3B4 /* RemotePostsLoaderTests.swift in Sources */ = {isa = PBXBuildFile; fileRef = 27C6B13B294C189F00A8C3B4 /* RemotePostsLoaderTests.swift */; };
		27C6B142294C2B9800A8C3B4 /* PostsLoader.swift in Sources */ = {isa = PBXBuildFile; fileRef = 27C6B141294C2B9800A8C3B4 /* PostsLoader.swift */; };
		27C6B144294C2BAD00A8C3B4 /* Post.swift in Sources */ = {isa = PBXBuildFile; fileRef = 27C6B143294C2BAD00A8C3B4 /* Post.swift */; };
		27C6B147294C2BF000A8C3B4 /* HTTPClient.swift in Sources */ = {isa = PBXBuildFile; fileRef = 27C6B146294C2BF000A8C3B4 /* HTTPClient.swift */; };
		27C6B149294C2C0C00A8C3B4 /* RemoteLoader.swift in Sources */ = {isa = PBXBuildFile; fileRef = 27C6B148294C2C0C00A8C3B4 /* RemoteLoader.swift */; };
		27C6B14E294C4D2600A8C3B4 /* URLSessionHTTPClient.swift in Sources */ = {isa = PBXBuildFile; fileRef = 27C6B14D294C4D2600A8C3B4 /* URLSessionHTTPClient.swift */; };
		27C6B150294C57D800A8C3B4 /* URLSessionHTTPClient.swift in Sources */ = {isa = PBXBuildFile; fileRef = 27C6B14F294C57D800A8C3B4 /* URLSessionHTTPClient.swift */; };
		27E34194294EC85D005A6999 /* PostDetail.storyboard in Resources */ = {isa = PBXBuildFile; fileRef = 27E34193294EC85D005A6999 /* PostDetail.storyboard */; };
		27E34196294EC884005A6999 /* PostDetailViewController.swift in Sources */ = {isa = PBXBuildFile; fileRef = 27E34195294EC884005A6999 /* PostDetailViewController.swift */; };
		27E34198294ECAA0005A6999 /* PostDetailTableViewCell.swift in Sources */ = {isa = PBXBuildFile; fileRef = 27E34197294ECAA0005A6999 /* PostDetailTableViewCell.swift */; };
		27E3419A294ECAB0005A6999 /* CommentTableViewCell.swift in Sources */ = {isa = PBXBuildFile; fileRef = 27E34199294ECAB0005A6999 /* CommentTableViewCell.swift */; };
/* End PBXBuildFile section */

/* Begin PBXContainerItemProxy section */
		27C6B11F294C164400A8C3B4 /* PBXContainerItemProxy */ = {
			isa = PBXContainerItemProxy;
			containerPortal = 27C6B100294C164200A8C3B4 /* Project object */;
			proxyType = 1;
			remoteGlobalIDString = 27C6B107294C164200A8C3B4;
			remoteInfo = Mockeando;
		};
/* End PBXContainerItemProxy section */

/* Begin PBXFileReference section */
		27543CF3294DEE7F00E8D3F1 /* RemoteLoader+Posts.swift */ = {isa = PBXFileReference; lastKnownFileType = sourcecode.swift; path = "RemoteLoader+Posts.swift"; sourceTree = "<group>"; };
		27543CF9294DF24B00E8D3F1 /* PostsEndpointTests.swift */ = {isa = PBXFileReference; lastKnownFileType = sourcecode.swift; path = PostsEndpointTests.swift; sourceTree = "<group>"; };
		27543CFB294DF31800E8D3F1 /* PostsEndpoint.swift */ = {isa = PBXFileReference; lastKnownFileType = sourcecode.swift; path = PostsEndpoint.swift; sourceTree = "<group>"; };
		27543CFD294DF41200E8D3F1 /* PostComment.swift */ = {isa = PBXFileReference; lastKnownFileType = sourcecode.swift; path = PostComment.swift; sourceTree = "<group>"; };
		27543CFF294DF47E00E8D3F1 /* RemoteLoader+PostComment.swift */ = {isa = PBXFileReference; lastKnownFileType = sourcecode.swift; path = "RemoteLoader+PostComment.swift"; sourceTree = "<group>"; };
		27543D01294DF49600E8D3F1 /* PostCommentsLoader.swift */ = {isa = PBXFileReference; lastKnownFileType = sourcecode.swift; path = PostCommentsLoader.swift; sourceTree = "<group>"; };
		27543D03294DF5D600E8D3F1 /* RemotePostCommentsLoaderTests.swift */ = {isa = PBXFileReference; lastKnownFileType = sourcecode.swift; path = RemotePostCommentsLoaderTests.swift; sourceTree = "<group>"; };
		27543D05294DF87400E8D3F1 /* PostCommentsEndpointTests.swift */ = {isa = PBXFileReference; lastKnownFileType = sourcecode.swift; path = PostCommentsEndpointTests.swift; sourceTree = "<group>"; };
		27543D07294DF88E00E8D3F1 /* PostCommentsEndpoint.swift */ = {isa = PBXFileReference; lastKnownFileType = sourcecode.swift; path = PostCommentsEndpoint.swift; sourceTree = "<group>"; };
		27543D0D294DFA1900E8D3F1 /* HTTPClientSpy.swift */ = {isa = PBXFileReference; lastKnownFileType = sourcecode.swift; path = HTTPClientSpy.swift; sourceTree = "<group>"; };
		27543D0F294DFC2D00E8D3F1 /* User.swift */ = {isa = PBXFileReference; lastKnownFileType = sourcecode.swift; path = User.swift; sourceTree = "<group>"; };
		27543D11294DFC5800E8D3F1 /* UserLoader.swift */ = {isa = PBXFileReference; lastKnownFileType = sourcecode.swift; path = UserLoader.swift; sourceTree = "<group>"; };
		27543D13294DFC7E00E8D3F1 /* RemoteLoader+User.swift */ = {isa = PBXFileReference; lastKnownFileType = sourcecode.swift; path = "RemoteLoader+User.swift"; sourceTree = "<group>"; };
		27543D17294DFDF300E8D3F1 /* RemoteUserLoaderTests.swift */ = {isa = PBXFileReference; lastKnownFileType = sourcecode.swift; path = RemoteUserLoaderTests.swift; sourceTree = "<group>"; };
		27543D19294E03A200E8D3F1 /* UserEndpointTests.swift */ = {isa = PBXFileReference; lastKnownFileType = sourcecode.swift; path = UserEndpointTests.swift; sourceTree = "<group>"; };
		27543D1B294E044400E8D3F1 /* UserEndpoint.swift */ = {isa = PBXFileReference; lastKnownFileType = sourcecode.swift; path = UserEndpoint.swift; sourceTree = "<group>"; };
		27543D21294E063B00E8D3F1 /* PostsPresenter.swift */ = {isa = PBXFileReference; lastKnownFileType = sourcecode.swift; path = PostsPresenter.swift; sourceTree = "<group>"; };
		27543D23294E068600E8D3F1 /* PostsView.swift */ = {isa = PBXFileReference; lastKnownFileType = sourcecode.swift; path = PostsView.swift; sourceTree = "<group>"; };
		27543D25294E0BB400E8D3F1 /* ErrorView.swift */ = {isa = PBXFileReference; lastKnownFileType = sourcecode.swift; path = ErrorView.swift; sourceTree = "<group>"; };
		27543D27294E0C3200E8D3F1 /* PostDetailView.swift */ = {isa = PBXFileReference; lastKnownFileType = sourcecode.swift; path = PostDetailView.swift; sourceTree = "<group>"; };
		27543D29294E0C6600E8D3F1 /* PostDetailPresenter.swift */ = {isa = PBXFileReference; lastKnownFileType = sourcecode.swift; path = PostDetailPresenter.swift; sourceTree = "<group>"; };
		27543D2B294E11A600E8D3F1 /* PostLoader.swift */ = {isa = PBXFileReference; lastKnownFileType = sourcecode.swift; path = PostLoader.swift; sourceTree = "<group>"; };
		27543D2D294E13B900E8D3F1 /* RemotePostLoaderTests.swift */ = {isa = PBXFileReference; lastKnownFileType = sourcecode.swift; path = RemotePostLoaderTests.swift; sourceTree = "<group>"; };
		27543D32294E158D00E8D3F1 /* PostsPresenterTests.swift */ = {isa = PBXFileReference; lastKnownFileType = sourcecode.swift; path = PostsPresenterTests.swift; sourceTree = "<group>"; };
		27543D34294E17F800E8D3F1 /* LoadingView.swift */ = {isa = PBXFileReference; lastKnownFileType = sourcecode.swift; path = LoadingView.swift; sourceTree = "<group>"; };
		27543D37294E1F6600E8D3F1 /* PostDetailPresenterTests.swift */ = {isa = PBXFileReference; lastKnownFileType = sourcecode.swift; path = PostDetailPresenterTests.swift; sourceTree = "<group>"; };
		27543D39294E1F9700E8D3F1 /* PostsViewSpy.swift */ = {isa = PBXFileReference; lastKnownFileType = sourcecode.swift; path = PostsViewSpy.swift; sourceTree = "<group>"; };
		27543D3B294E1FA000E8D3F1 /* ErrorViewSpy.swift */ = {isa = PBXFileReference; lastKnownFileType = sourcecode.swift; path = ErrorViewSpy.swift; sourceTree = "<group>"; };
		27543D3D294E1FA700E8D3F1 /* LoadingViewSpy.swift */ = {isa = PBXFileReference; lastKnownFileType = sourcecode.swift; path = LoadingViewSpy.swift; sourceTree = "<group>"; };
		27543D3F294E1FB200E8D3F1 /* PostsLoaderSpy.swift */ = {isa = PBXFileReference; lastKnownFileType = sourcecode.swift; path = PostsLoaderSpy.swift; sourceTree = "<group>"; };
		27543D41294E2A4800E8D3F1 /* PostDetailViewSpy.swift */ = {isa = PBXFileReference; lastKnownFileType = sourcecode.swift; path = PostDetailViewSpy.swift; sourceTree = "<group>"; };
		27543D43294E2A5C00E8D3F1 /* PostDetailsPresenderAdaterSpy.swift */ = {isa = PBXFileReference; lastKnownFileType = sourcecode.swift; path = PostDetailsPresenderAdaterSpy.swift; sourceTree = "<group>"; };
		27543D45294E2A8000E8D3F1 /* PostDetailsPresenderAdaterTests.swift */ = {isa = PBXFileReference; lastKnownFileType = sourcecode.swift; path = PostDetailsPresenderAdaterTests.swift; sourceTree = "<group>"; };
		27543D47294E31E400E8D3F1 /* PostDetailsPresenderAdater.swift */ = {isa = PBXFileReference; lastKnownFileType = sourcecode.swift; path = PostDetailsPresenderAdater.swift; sourceTree = "<group>"; };
		27543D54294E33F600E8D3F1 /* Posts.storyboard */ = {isa = PBXFileReference; lastKnownFileType = file.storyboard; path = Posts.storyboard; sourceTree = "<group>"; };
		27543D56294E346200E8D3F1 /* PostsViewController.swift */ = {isa = PBXFileReference; lastKnownFileType = sourcecode.swift; path = PostsViewController.swift; sourceTree = "<group>"; };
		27543D58294E360700E8D3F1 /* BasicTableViewCell.swift */ = {isa = PBXFileReference; lastKnownFileType = sourcecode.swift; path = BasicTableViewCell.swift; sourceTree = "<group>"; };
		27543D5C294E5A0000E8D3F1 /* Model.xcdatamodel */ = {isa = PBXFileReference; lastKnownFileType = wrapper.xcdatamodel; path = Model.xcdatamodel; sourceTree = "<group>"; };
		27543D6A294E5C3700E8D3F1 /* ManagedPostComment.swift */ = {isa = PBXFileReference; lastKnownFileType = sourcecode.swift; path = ManagedPostComment.swift; sourceTree = "<group>"; };
		27543D6C294E5C3700E8D3F1 /* ManagedUser.swift */ = {isa = PBXFileReference; lastKnownFileType = sourcecode.swift; path = ManagedUser.swift; sourceTree = "<group>"; };
		27543D6E294E5C3700E8D3F1 /* ManagedPost.swift */ = {isa = PBXFileReference; lastKnownFileType = sourcecode.swift; path = ManagedPost.swift; sourceTree = "<group>"; };
		27543D78294E5D2C00E8D3F1 /* CoreDataStore.swift */ = {isa = PBXFileReference; lastKnownFileType = sourcecode.swift; path = CoreDataStore.swift; sourceTree = "<group>"; };
		27543D7A294E609000E8D3F1 /* CoreDataStore+Posts.swift */ = {isa = PBXFileReference; lastKnownFileType = sourcecode.swift; path = "CoreDataStore+Posts.swift"; sourceTree = "<group>"; };
		27543D7C294E786300E8D3F1 /* PostCache.swift */ = {isa = PBXFileReference; lastKnownFileType = sourcecode.swift; path = PostCache.swift; sourceTree = "<group>"; };
		27543D80294E7D7E00E8D3F1 /* PostsPresenterAdapter.swift */ = {isa = PBXFileReference; lastKnownFileType = sourcecode.swift; path = PostsPresenterAdapter.swift; sourceTree = "<group>"; };
		27543D82294E944D00E8D3F1 /* PostsPresenterAdapterSpy.swift */ = {isa = PBXFileReference; lastKnownFileType = sourcecode.swift; path = PostsPresenterAdapterSpy.swift; sourceTree = "<group>"; };
		2785025B294F698800BEA288 /* PostDetailCache.swift */ = {isa = PBXFileReference; lastKnownFileType = sourcecode.swift; path = PostDetailCache.swift; sourceTree = "<group>"; };
		27C6B108294C164200A8C3B4 /* Mockeando.app */ = {isa = PBXFileReference; explicitFileType = wrapper.application; includeInIndex = 0; path = Mockeando.app; sourceTree = BUILT_PRODUCTS_DIR; };
		27C6B10B294C164200A8C3B4 /* AppDelegate.swift */ = {isa = PBXFileReference; lastKnownFileType = sourcecode.swift; path = AppDelegate.swift; sourceTree = "<group>"; };
		27C6B10D294C164200A8C3B4 /* SceneDelegate.swift */ = {isa = PBXFileReference; lastKnownFileType = sourcecode.swift; path = SceneDelegate.swift; sourceTree = "<group>"; };
		27C6B10F294C164200A8C3B4 /* ViewController.swift */ = {isa = PBXFileReference; lastKnownFileType = sourcecode.swift; path = ViewController.swift; sourceTree = "<group>"; };
		27C6B114294C164400A8C3B4 /* Assets.xcassets */ = {isa = PBXFileReference; lastKnownFileType = folder.assetcatalog; path = Assets.xcassets; sourceTree = "<group>"; };
		27C6B117294C164400A8C3B4 /* Base */ = {isa = PBXFileReference; lastKnownFileType = file.storyboard; name = Base; path = Base.lproj/LaunchScreen.storyboard; sourceTree = "<group>"; };
		27C6B119294C164400A8C3B4 /* Info.plist */ = {isa = PBXFileReference; lastKnownFileType = text.plist.xml; path = Info.plist; sourceTree = "<group>"; };
		27C6B11E294C164400A8C3B4 /* MockeandoTests.xctest */ = {isa = PBXFileReference; explicitFileType = wrapper.cfbundle; includeInIndex = 0; path = MockeandoTests.xctest; sourceTree = BUILT_PRODUCTS_DIR; };
		27C6B13B294C189F00A8C3B4 /* RemotePostsLoaderTests.swift */ = {isa = PBXFileReference; lastKnownFileType = sourcecode.swift; path = RemotePostsLoaderTests.swift; sourceTree = "<group>"; };
		27C6B13D294C19A400A8C3B4 /* README.md */ = {isa = PBXFileReference; lastKnownFileType = net.daringfireball.markdown; path = README.md; sourceTree = "<group>"; };
		27C6B141294C2B9800A8C3B4 /* PostsLoader.swift */ = {isa = PBXFileReference; lastKnownFileType = sourcecode.swift; path = PostsLoader.swift; sourceTree = "<group>"; };
		27C6B143294C2BAD00A8C3B4 /* Post.swift */ = {isa = PBXFileReference; lastKnownFileType = sourcecode.swift; path = Post.swift; sourceTree = "<group>"; };
		27C6B146294C2BF000A8C3B4 /* HTTPClient.swift */ = {isa = PBXFileReference; lastKnownFileType = sourcecode.swift; path = HTTPClient.swift; sourceTree = "<group>"; };
		27C6B148294C2C0C00A8C3B4 /* RemoteLoader.swift */ = {isa = PBXFileReference; lastKnownFileType = sourcecode.swift; path = RemoteLoader.swift; sourceTree = "<group>"; };
		27C6B14D294C4D2600A8C3B4 /* URLSessionHTTPClient.swift */ = {isa = PBXFileReference; lastKnownFileType = sourcecode.swift; path = URLSessionHTTPClient.swift; sourceTree = "<group>"; };
		27C6B14F294C57D800A8C3B4 /* URLSessionHTTPClient.swift */ = {isa = PBXFileReference; lastKnownFileType = sourcecode.swift; path = URLSessionHTTPClient.swift; sourceTree = "<group>"; };
		27E34193294EC85D005A6999 /* PostDetail.storyboard */ = {isa = PBXFileReference; lastKnownFileType = file.storyboard; path = PostDetail.storyboard; sourceTree = "<group>"; };
		27E34195294EC884005A6999 /* PostDetailViewController.swift */ = {isa = PBXFileReference; lastKnownFileType = sourcecode.swift; path = PostDetailViewController.swift; sourceTree = "<group>"; };
		27E34197294ECAA0005A6999 /* PostDetailTableViewCell.swift */ = {isa = PBXFileReference; lastKnownFileType = sourcecode.swift; path = PostDetailTableViewCell.swift; sourceTree = "<group>"; };
		27E34199294ECAB0005A6999 /* CommentTableViewCell.swift */ = {isa = PBXFileReference; lastKnownFileType = sourcecode.swift; path = CommentTableViewCell.swift; sourceTree = "<group>"; };
/* End PBXFileReference section */

/* Begin PBXFrameworksBuildPhase section */
		27C6B105294C164200A8C3B4 /* Frameworks */ = {
			isa = PBXFrameworksBuildPhase;
			buildActionMask = 2147483647;
			files = (
			);
			runOnlyForDeploymentPostprocessing = 0;
		};
		27C6B11B294C164400A8C3B4 /* Frameworks */ = {
			isa = PBXFrameworksBuildPhase;
			buildActionMask = 2147483647;
			files = (
			);
			runOnlyForDeploymentPostprocessing = 0;
		};
/* End PBXFrameworksBuildPhase section */

/* Begin PBXGroup section */
		27543CF5294DF12E00E8D3F1 /* API */ = {
			isa = PBXGroup;
			children = (
				27543D0C294DF9EC00E8D3F1 /* Spies */,
				27543D2D294E13B900E8D3F1 /* RemotePostLoaderTests.swift */,
				27C6B13B294C189F00A8C3B4 /* RemotePostsLoaderTests.swift */,
				27543D03294DF5D600E8D3F1 /* RemotePostCommentsLoaderTests.swift */,
				27543CF9294DF24B00E8D3F1 /* PostsEndpointTests.swift */,
				27543D05294DF87400E8D3F1 /* PostCommentsEndpointTests.swift */,
			);
			path = API;
			sourceTree = "<group>";
		};
		27543CF6294DF13600E8D3F1 /* Shared */ = {
			isa = PBXGroup;
			children = (
				27543D5A294E59F300E8D3F1 /* Cache */,
				27543CF7294DF13C00E8D3F1 /* API */,
			);
			path = Shared;
			sourceTree = "<group>";
		};
		27543CF7294DF13C00E8D3F1 /* API */ = {
			isa = PBXGroup;
			children = (
				27C6B14F294C57D800A8C3B4 /* URLSessionHTTPClient.swift */,
				27C6B146294C2BF000A8C3B4 /* HTTPClient.swift */,
				27C6B148294C2C0C00A8C3B4 /* RemoteLoader.swift */,
			);
			path = API;
			sourceTree = "<group>";
		};
		27543CF8294DF18300E8D3F1 /* Shared */ = {
			isa = PBXGroup;
			children = (
				27C6B14D294C4D2600A8C3B4 /* URLSessionHTTPClient.swift */,
			);
			path = Shared;
			sourceTree = "<group>";
		};
		27543D09294DF99700E8D3F1 /* Users */ = {
			isa = PBXGroup;
			children = (
				27543D77294E5CA600E8D3F1 /* Cache */,
				27543D0A294DF99F00E8D3F1 /* API */,
				27543D0B294DF9A500E8D3F1 /* Domain */,
			);
			path = Users;
			sourceTree = "<group>";
		};
		27543D0A294DF99F00E8D3F1 /* API */ = {
			isa = PBXGroup;
			children = (
				27543D13294DFC7E00E8D3F1 /* RemoteLoader+User.swift */,
				27543D1B294E044400E8D3F1 /* UserEndpoint.swift */,
			);
			path = API;
			sourceTree = "<group>";
		};
		27543D0B294DF9A500E8D3F1 /* Domain */ = {
			isa = PBXGroup;
			children = (
				27543D0F294DFC2D00E8D3F1 /* User.swift */,
				27543D11294DFC5800E8D3F1 /* UserLoader.swift */,
			);
			path = Domain;
			sourceTree = "<group>";
		};
		27543D0C294DF9EC00E8D3F1 /* Spies */ = {
			isa = PBXGroup;
			children = (
				27543D0D294DFA1900E8D3F1 /* HTTPClientSpy.swift */,
			);
			path = Spies;
			sourceTree = "<group>";
		};
		27543D15294DFD9000E8D3F1 /* Users */ = {
			isa = PBXGroup;
			children = (
				27543D16294DFDBD00E8D3F1 /* API */,
			);
			path = Users;
			sourceTree = "<group>";
		};
		27543D16294DFDBD00E8D3F1 /* API */ = {
			isa = PBXGroup;
			children = (
				27543D17294DFDF300E8D3F1 /* RemoteUserLoaderTests.swift */,
				27543D19294E03A200E8D3F1 /* UserEndpointTests.swift */,
			);
			path = API;
			sourceTree = "<group>";
		};
		27543D20294E060D00E8D3F1 /* Presentation */ = {
			isa = PBXGroup;
			children = (
				27543D21294E063B00E8D3F1 /* PostsPresenter.swift */,
				27543D80294E7D7E00E8D3F1 /* PostsPresenterAdapter.swift */,
				27543D29294E0C6600E8D3F1 /* PostDetailPresenter.swift */,
				27543D47294E31E400E8D3F1 /* PostDetailsPresenderAdater.swift */,
				27543D23294E068600E8D3F1 /* PostsView.swift */,
				27543D34294E17F800E8D3F1 /* LoadingView.swift */,
				27543D25294E0BB400E8D3F1 /* ErrorView.swift */,
				27543D27294E0C3200E8D3F1 /* PostDetailView.swift */,
			);
			path = Presentation;
			sourceTree = "<group>";
		};
		27543D31294E157300E8D3F1 /* Presentation */ = {
			isa = PBXGroup;
			children = (
				27543D36294E1EF700E8D3F1 /* Spies */,
				27543D32294E158D00E8D3F1 /* PostsPresenterTests.swift */,
				27543D37294E1F6600E8D3F1 /* PostDetailPresenterTests.swift */,
				27543D45294E2A8000E8D3F1 /* PostDetailsPresenderAdaterTests.swift */,
			);
			path = Presentation;
			sourceTree = "<group>";
		};
		27543D36294E1EF700E8D3F1 /* Spies */ = {
			isa = PBXGroup;
			children = (
				27543D39294E1F9700E8D3F1 /* PostsViewSpy.swift */,
				27543D3B294E1FA000E8D3F1 /* ErrorViewSpy.swift */,
				27543D3D294E1FA700E8D3F1 /* LoadingViewSpy.swift */,
				27543D3F294E1FB200E8D3F1 /* PostsLoaderSpy.swift */,
				27543D41294E2A4800E8D3F1 /* PostDetailViewSpy.swift */,
				27543D43294E2A5C00E8D3F1 /* PostDetailsPresenderAdaterSpy.swift */,
				27543D82294E944D00E8D3F1 /* PostsPresenterAdapterSpy.swift */,
			);
			path = Spies;
			sourceTree = "<group>";
		};
		27543D4B294E338500E8D3F1 /* UI */ = {
			isa = PBXGroup;
			children = (
				27543D54294E33F600E8D3F1 /* Posts.storyboard */,
				27E34193294EC85D005A6999 /* PostDetail.storyboard */,
				27543D56294E346200E8D3F1 /* PostsViewController.swift */,
				27E34195294EC884005A6999 /* PostDetailViewController.swift */,
				27543D58294E360700E8D3F1 /* BasicTableViewCell.swift */,
				27E34197294ECAA0005A6999 /* PostDetailTableViewCell.swift */,
				27E34199294ECAB0005A6999 /* CommentTableViewCell.swift */,
			);
			path = UI;
			sourceTree = "<group>";
		};
		27543D5A294E59F300E8D3F1 /* Cache */ = {
			isa = PBXGroup;
			children = (
				27543D5B294E5A0000E8D3F1 /* Model.xcdatamodeld */,
				27543D78294E5D2C00E8D3F1 /* CoreDataStore.swift */,
			);
			path = Cache;
			sourceTree = "<group>";
		};
		27543D76294E5C9900E8D3F1 /* Cache */ = {
			isa = PBXGroup;
			children = (
				27543D6A294E5C3700E8D3F1 /* ManagedPostComment.swift */,
				27543D6E294E5C3700E8D3F1 /* ManagedPost.swift */,
				27543D7A294E609000E8D3F1 /* CoreDataStore+Posts.swift */,
			);
			path = Cache;
			sourceTree = "<group>";
		};
		27543D77294E5CA600E8D3F1 /* Cache */ = {
			isa = PBXGroup;
			children = (
				27543D6C294E5C3700E8D3F1 /* ManagedUser.swift */,
			);
			path = Cache;
			sourceTree = "<group>";
		};
		27C6B0FF294C164200A8C3B4 = {
			isa = PBXGroup;
			children = (
				27C6B13D294C19A400A8C3B4 /* README.md */,
				27C6B10A294C164200A8C3B4 /* Mockeando */,
				27C6B121294C164400A8C3B4 /* MockeandoTests */,
				27C6B109294C164200A8C3B4 /* Products */,
			);
			sourceTree = "<group>";
		};
		27C6B109294C164200A8C3B4 /* Products */ = {
			isa = PBXGroup;
			children = (
				27C6B108294C164200A8C3B4 /* Mockeando.app */,
				27C6B11E294C164400A8C3B4 /* MockeandoTests.xctest */,
			);
			name = Products;
			sourceTree = "<group>";
		};
		27C6B10A294C164200A8C3B4 /* Mockeando */ = {
			isa = PBXGroup;
			children = (
				27543CF6294DF13600E8D3F1 /* Shared */,
				27C6B13E294C2B4A00A8C3B4 /* Posts */,
				27543D09294DF99700E8D3F1 /* Users */,
				27C6B10B294C164200A8C3B4 /* AppDelegate.swift */,
				27C6B10D294C164200A8C3B4 /* SceneDelegate.swift */,
				27C6B10F294C164200A8C3B4 /* ViewController.swift */,
				27C6B114294C164400A8C3B4 /* Assets.xcassets */,
				27C6B116294C164400A8C3B4 /* LaunchScreen.storyboard */,
				27C6B119294C164400A8C3B4 /* Info.plist */,
			);
			path = Mockeando;
			sourceTree = "<group>";
		};
		27C6B121294C164400A8C3B4 /* MockeandoTests */ = {
			isa = PBXGroup;
			children = (
				27543CF8294DF18300E8D3F1 /* Shared */,
				27C6B14A294C4C1600A8C3B4 /* Posts */,
				27543D15294DFD9000E8D3F1 /* Users */,
			);
			path = MockeandoTests;
			sourceTree = "<group>";
		};
		27C6B13E294C2B4A00A8C3B4 /* Posts */ = {
			isa = PBXGroup;
			children = (
				27543D76294E5C9900E8D3F1 /* Cache */,
				27C6B145294C2BC700A8C3B4 /* API */,
				27C6B140294C2B8500A8C3B4 /* Domain */,
				27543D20294E060D00E8D3F1 /* Presentation */,
				27543D4B294E338500E8D3F1 /* UI */,
			);
			path = Posts;
			sourceTree = "<group>";
		};
		27C6B140294C2B8500A8C3B4 /* Domain */ = {
			isa = PBXGroup;
			children = (
				27C6B143294C2BAD00A8C3B4 /* Post.swift */,
				27543CFD294DF41200E8D3F1 /* PostComment.swift */,
				27543D2B294E11A600E8D3F1 /* PostLoader.swift */,
				27C6B141294C2B9800A8C3B4 /* PostsLoader.swift */,
				27543D01294DF49600E8D3F1 /* PostCommentsLoader.swift */,
				27543D7C294E786300E8D3F1 /* PostCache.swift */,
				2785025B294F698800BEA288 /* PostDetailCache.swift */,
			);
			path = Domain;
			sourceTree = "<group>";
		};
		27C6B145294C2BC700A8C3B4 /* API */ = {
			isa = PBXGroup;
			children = (
				27543CF3294DEE7F00E8D3F1 /* RemoteLoader+Posts.swift */,
				27543CFF294DF47E00E8D3F1 /* RemoteLoader+PostComment.swift */,
				27543CFB294DF31800E8D3F1 /* PostsEndpoint.swift */,
				27543D07294DF88E00E8D3F1 /* PostCommentsEndpoint.swift */,
			);
			path = API;
			sourceTree = "<group>";
		};
		27C6B14A294C4C1600A8C3B4 /* Posts */ = {
			isa = PBXGroup;
			children = (
				27543CF5294DF12E00E8D3F1 /* API */,
				27543D31294E157300E8D3F1 /* Presentation */,
			);
			path = Posts;
			sourceTree = "<group>";
		};
/* End PBXGroup section */

/* Begin PBXNativeTarget section */
		27C6B107294C164200A8C3B4 /* Mockeando */ = {
			isa = PBXNativeTarget;
			buildConfigurationList = 27C6B132294C164400A8C3B4 /* Build configuration list for PBXNativeTarget "Mockeando" */;
			buildPhases = (
				27C6B104294C164200A8C3B4 /* Sources */,
				27C6B105294C164200A8C3B4 /* Frameworks */,
				27C6B106294C164200A8C3B4 /* Resources */,
			);
			buildRules = (
			);
			dependencies = (
			);
			name = Mockeando;
			productName = Mockeando;
			productReference = 27C6B108294C164200A8C3B4 /* Mockeando.app */;
			productType = "com.apple.product-type.application";
		};
		27C6B11D294C164400A8C3B4 /* MockeandoTests */ = {
			isa = PBXNativeTarget;
			buildConfigurationList = 27C6B135294C164400A8C3B4 /* Build configuration list for PBXNativeTarget "MockeandoTests" */;
			buildPhases = (
				27C6B11A294C164400A8C3B4 /* Sources */,
				27C6B11B294C164400A8C3B4 /* Frameworks */,
				27C6B11C294C164400A8C3B4 /* Resources */,
			);
			buildRules = (
			);
			dependencies = (
				27C6B120294C164400A8C3B4 /* PBXTargetDependency */,
			);
			name = MockeandoTests;
			productName = MockeandoTests;
			productReference = 27C6B11E294C164400A8C3B4 /* MockeandoTests.xctest */;
			productType = "com.apple.product-type.bundle.unit-test";
		};
/* End PBXNativeTarget section */

/* Begin PBXProject section */
		27C6B100294C164200A8C3B4 /* Project object */ = {
			isa = PBXProject;
			attributes = {
				BuildIndependentTargetsInParallel = 1;
				LastSwiftUpdateCheck = 1400;
				LastUpgradeCheck = 1400;
				TargetAttributes = {
					27C6B107294C164200A8C3B4 = {
						CreatedOnToolsVersion = 14.0.1;
					};
					27C6B11D294C164400A8C3B4 = {
						CreatedOnToolsVersion = 14.0.1;
						TestTargetID = 27C6B107294C164200A8C3B4;
					};
				};
			};
			buildConfigurationList = 27C6B103294C164200A8C3B4 /* Build configuration list for PBXProject "Mockeando" */;
			compatibilityVersion = "Xcode 14.0";
			developmentRegion = en;
			hasScannedForEncodings = 0;
			knownRegions = (
				en,
				Base,
			);
			mainGroup = 27C6B0FF294C164200A8C3B4;
			productRefGroup = 27C6B109294C164200A8C3B4 /* Products */;
			projectDirPath = "";
			projectRoot = "";
			targets = (
				27C6B107294C164200A8C3B4 /* Mockeando */,
				27C6B11D294C164400A8C3B4 /* MockeandoTests */,
			);
		};
/* End PBXProject section */

/* Begin PBXResourcesBuildPhase section */
		27C6B106294C164200A8C3B4 /* Resources */ = {
			isa = PBXResourcesBuildPhase;
			buildActionMask = 2147483647;
			files = (
				27543D55294E33F600E8D3F1 /* Posts.storyboard in Resources */,
				27E34194294EC85D005A6999 /* PostDetail.storyboard in Resources */,
				27C6B118294C164400A8C3B4 /* LaunchScreen.storyboard in Resources */,
				27C6B115294C164400A8C3B4 /* Assets.xcassets in Resources */,
			);
			runOnlyForDeploymentPostprocessing = 0;
		};
		27C6B11C294C164400A8C3B4 /* Resources */ = {
			isa = PBXResourcesBuildPhase;
			buildActionMask = 2147483647;
			files = (
			);
			runOnlyForDeploymentPostprocessing = 0;
		};
/* End PBXResourcesBuildPhase section */

/* Begin PBXSourcesBuildPhase section */
		27C6B104294C164200A8C3B4 /* Sources */ = {
			isa = PBXSourcesBuildPhase;
			buildActionMask = 2147483647;
			files = (
				27543D81294E7D7E00E8D3F1 /* PostsPresenterAdapter.swift in Sources */,
				27543D2C294E11A600E8D3F1 /* PostLoader.swift in Sources */,
				27543D00294DF47E00E8D3F1 /* RemoteLoader+PostComment.swift in Sources */,
				27543D70294E5C3700E8D3F1 /* ManagedPostComment.swift in Sources */,
				27543D12294DFC5800E8D3F1 /* UserLoader.swift in Sources */,
				27543D7D294E786300E8D3F1 /* PostCache.swift in Sources */,
				27543D7B294E609000E8D3F1 /* CoreDataStore+Posts.swift in Sources */,
				27543D14294DFC7E00E8D3F1 /* RemoteLoader+User.swift in Sources */,
				27543D1C294E044400E8D3F1 /* UserEndpoint.swift in Sources */,
				27543D26294E0BB400E8D3F1 /* ErrorView.swift in Sources */,
				27C6B142294C2B9800A8C3B4 /* PostsLoader.swift in Sources */,
				27C6B149294C2C0C00A8C3B4 /* RemoteLoader.swift in Sources */,
				27C6B110294C164200A8C3B4 /* ViewController.swift in Sources */,
				27C6B150294C57D800A8C3B4 /* URLSessionHTTPClient.swift in Sources */,
				27543D59294E360700E8D3F1 /* BasicTableViewCell.swift in Sources */,
				27E34196294EC884005A6999 /* PostDetailViewController.swift in Sources */,
				27543CFE294DF41200E8D3F1 /* PostComment.swift in Sources */,
				27543CF4294DEE7F00E8D3F1 /* RemoteLoader+Posts.swift in Sources */,
				27543D48294E31E400E8D3F1 /* PostDetailsPresenderAdater.swift in Sources */,
				27543D28294E0C3200E8D3F1 /* PostDetailView.swift in Sources */,
				27543D2A294E0C6600E8D3F1 /* PostDetailPresenter.swift in Sources */,
				27543D5D294E5A0000E8D3F1 /* Model.xcdatamodeld in Sources */,
				27543D57294E346200E8D3F1 /* PostsViewController.swift in Sources */,
				27C6B147294C2BF000A8C3B4 /* HTTPClient.swift in Sources */,
				27543D10294DFC2D00E8D3F1 /* User.swift in Sources */,
				27C6B10C294C164200A8C3B4 /* AppDelegate.swift in Sources */,
				27543D22294E063B00E8D3F1 /* PostsPresenter.swift in Sources */,
				27543D72294E5C3700E8D3F1 /* ManagedUser.swift in Sources */,
				27E34198294ECAA0005A6999 /* PostDetailTableViewCell.swift in Sources */,
				2785025C294F698800BEA288 /* PostDetailCache.swift in Sources */,
				27543D35294E17F900E8D3F1 /* LoadingView.swift in Sources */,
				27543D02294DF49600E8D3F1 /* PostCommentsLoader.swift in Sources */,
				27C6B10E294C164200A8C3B4 /* SceneDelegate.swift in Sources */,
				27543D79294E5D2C00E8D3F1 /* CoreDataStore.swift in Sources */,
				27543CFC294DF31800E8D3F1 /* PostsEndpoint.swift in Sources */,
				27E3419A294ECAB0005A6999 /* CommentTableViewCell.swift in Sources */,
				27543D74294E5C3700E8D3F1 /* ManagedPost.swift in Sources */,
				27543D08294DF88E00E8D3F1 /* PostCommentsEndpoint.swift in Sources */,
				27543D24294E068600E8D3F1 /* PostsView.swift in Sources */,
				27C6B144294C2BAD00A8C3B4 /* Post.swift in Sources */,
			);
			runOnlyForDeploymentPostprocessing = 0;
		};
		27C6B11A294C164400A8C3B4 /* Sources */ = {
			isa = PBXSourcesBuildPhase;
			buildActionMask = 2147483647;
			files = (
				27543D3E294E1FA700E8D3F1 /* LoadingViewSpy.swift in Sources */,
				27543D44294E2A5C00E8D3F1 /* PostDetailsPresenderAdaterSpy.swift in Sources */,
				27543D46294E2A8000E8D3F1 /* PostDetailsPresenderAdaterTests.swift in Sources */,
				27543D04294DF5D600E8D3F1 /* RemotePostCommentsLoaderTests.swift in Sources */,
				27543D42294E2A4800E8D3F1 /* PostDetailViewSpy.swift in Sources */,
				27543D0E294DFA1900E8D3F1 /* HTTPClientSpy.swift in Sources */,
				27543CFA294DF24B00E8D3F1 /* PostsEndpointTests.swift in Sources */,
				27543D40294E1FB200E8D3F1 /* PostsLoaderSpy.swift in Sources */,
				27543D18294DFDF300E8D3F1 /* RemoteUserLoaderTests.swift in Sources */,
				27C6B13C294C189F00A8C3B4 /* RemotePostsLoaderTests.swift in Sources */,
				27543D1A294E03A200E8D3F1 /* UserEndpointTests.swift in Sources */,
				27543D3C294E1FA000E8D3F1 /* ErrorViewSpy.swift in Sources */,
				27543D38294E1F6600E8D3F1 /* PostDetailPresenterTests.swift in Sources */,
				27C6B14E294C4D2600A8C3B4 /* URLSessionHTTPClient.swift in Sources */,
				27543D2E294E13B900E8D3F1 /* RemotePostLoaderTests.swift in Sources */,
				27543D3A294E1F9700E8D3F1 /* PostsViewSpy.swift in Sources */,
				27543D33294E158D00E8D3F1 /* PostsPresenterTests.swift in Sources */,
				27543D06294DF87400E8D3F1 /* PostCommentsEndpointTests.swift in Sources */,
				27543D83294E944D00E8D3F1 /* PostsPresenterAdapterSpy.swift in Sources */,
			);
			runOnlyForDeploymentPostprocessing = 0;
		};
/* End PBXSourcesBuildPhase section */

/* Begin PBXTargetDependency section */
		27C6B120294C164400A8C3B4 /* PBXTargetDependency */ = {
			isa = PBXTargetDependency;
			target = 27C6B107294C164200A8C3B4 /* Mockeando */;
			targetProxy = 27C6B11F294C164400A8C3B4 /* PBXContainerItemProxy */;
		};
/* End PBXTargetDependency section */

/* Begin PBXVariantGroup section */
		27C6B116294C164400A8C3B4 /* LaunchScreen.storyboard */ = {
			isa = PBXVariantGroup;
			children = (
				27C6B117294C164400A8C3B4 /* Base */,
			);
			name = LaunchScreen.storyboard;
			sourceTree = "<group>";
		};
/* End PBXVariantGroup section */

/* Begin XCBuildConfiguration section */
		27C6B130294C164400A8C3B4 /* Debug */ = {
			isa = XCBuildConfiguration;
			buildSettings = {
				ALWAYS_SEARCH_USER_PATHS = NO;
				CLANG_ANALYZER_NONNULL = YES;
				CLANG_ANALYZER_NUMBER_OBJECT_CONVERSION = YES_AGGRESSIVE;
				CLANG_CXX_LANGUAGE_STANDARD = "gnu++20";
				CLANG_ENABLE_MODULES = YES;
				CLANG_ENABLE_OBJC_ARC = YES;
				CLANG_ENABLE_OBJC_WEAK = YES;
				CLANG_WARN_BLOCK_CAPTURE_AUTORELEASING = YES;
				CLANG_WARN_BOOL_CONVERSION = YES;
				CLANG_WARN_COMMA = YES;
				CLANG_WARN_CONSTANT_CONVERSION = YES;
				CLANG_WARN_DEPRECATED_OBJC_IMPLEMENTATIONS = YES;
				CLANG_WARN_DIRECT_OBJC_ISA_USAGE = YES_ERROR;
				CLANG_WARN_DOCUMENTATION_COMMENTS = YES;
				CLANG_WARN_EMPTY_BODY = YES;
				CLANG_WARN_ENUM_CONVERSION = YES;
				CLANG_WARN_INFINITE_RECURSION = YES;
				CLANG_WARN_INT_CONVERSION = YES;
				CLANG_WARN_NON_LITERAL_NULL_CONVERSION = YES;
				CLANG_WARN_OBJC_IMPLICIT_RETAIN_SELF = YES;
				CLANG_WARN_OBJC_LITERAL_CONVERSION = YES;
				CLANG_WARN_OBJC_ROOT_CLASS = YES_ERROR;
				CLANG_WARN_QUOTED_INCLUDE_IN_FRAMEWORK_HEADER = YES;
				CLANG_WARN_RANGE_LOOP_ANALYSIS = YES;
				CLANG_WARN_STRICT_PROTOTYPES = YES;
				CLANG_WARN_SUSPICIOUS_MOVE = YES;
				CLANG_WARN_UNGUARDED_AVAILABILITY = YES_AGGRESSIVE;
				CLANG_WARN_UNREACHABLE_CODE = YES;
				CLANG_WARN__DUPLICATE_METHOD_MATCH = YES;
				COPY_PHASE_STRIP = NO;
				DEBUG_INFORMATION_FORMAT = dwarf;
				ENABLE_STRICT_OBJC_MSGSEND = YES;
				ENABLE_TESTABILITY = YES;
				GCC_C_LANGUAGE_STANDARD = gnu11;
				GCC_DYNAMIC_NO_PIC = NO;
				GCC_NO_COMMON_BLOCKS = YES;
				GCC_OPTIMIZATION_LEVEL = 0;
				GCC_PREPROCESSOR_DEFINITIONS = (
					"DEBUG=1",
					"$(inherited)",
				);
				GCC_WARN_64_TO_32_BIT_CONVERSION = YES;
				GCC_WARN_ABOUT_RETURN_TYPE = YES_ERROR;
				GCC_WARN_UNDECLARED_SELECTOR = YES;
				GCC_WARN_UNINITIALIZED_AUTOS = YES_AGGRESSIVE;
				GCC_WARN_UNUSED_FUNCTION = YES;
				GCC_WARN_UNUSED_VARIABLE = YES;
				IPHONEOS_DEPLOYMENT_TARGET = 16.0;
				MTL_ENABLE_DEBUG_INFO = INCLUDE_SOURCE;
				MTL_FAST_MATH = YES;
				ONLY_ACTIVE_ARCH = YES;
				SDKROOT = iphoneos;
				SWIFT_ACTIVE_COMPILATION_CONDITIONS = DEBUG;
				SWIFT_OPTIMIZATION_LEVEL = "-Onone";
			};
			name = Debug;
		};
		27C6B131294C164400A8C3B4 /* Release */ = {
			isa = XCBuildConfiguration;
			buildSettings = {
				ALWAYS_SEARCH_USER_PATHS = NO;
				CLANG_ANALYZER_NONNULL = YES;
				CLANG_ANALYZER_NUMBER_OBJECT_CONVERSION = YES_AGGRESSIVE;
				CLANG_CXX_LANGUAGE_STANDARD = "gnu++20";
				CLANG_ENABLE_MODULES = YES;
				CLANG_ENABLE_OBJC_ARC = YES;
				CLANG_ENABLE_OBJC_WEAK = YES;
				CLANG_WARN_BLOCK_CAPTURE_AUTORELEASING = YES;
				CLANG_WARN_BOOL_CONVERSION = YES;
				CLANG_WARN_COMMA = YES;
				CLANG_WARN_CONSTANT_CONVERSION = YES;
				CLANG_WARN_DEPRECATED_OBJC_IMPLEMENTATIONS = YES;
				CLANG_WARN_DIRECT_OBJC_ISA_USAGE = YES_ERROR;
				CLANG_WARN_DOCUMENTATION_COMMENTS = YES;
				CLANG_WARN_EMPTY_BODY = YES;
				CLANG_WARN_ENUM_CONVERSION = YES;
				CLANG_WARN_INFINITE_RECURSION = YES;
				CLANG_WARN_INT_CONVERSION = YES;
				CLANG_WARN_NON_LITERAL_NULL_CONVERSION = YES;
				CLANG_WARN_OBJC_IMPLICIT_RETAIN_SELF = YES;
				CLANG_WARN_OBJC_LITERAL_CONVERSION = YES;
				CLANG_WARN_OBJC_ROOT_CLASS = YES_ERROR;
				CLANG_WARN_QUOTED_INCLUDE_IN_FRAMEWORK_HEADER = YES;
				CLANG_WARN_RANGE_LOOP_ANALYSIS = YES;
				CLANG_WARN_STRICT_PROTOTYPES = YES;
				CLANG_WARN_SUSPICIOUS_MOVE = YES;
				CLANG_WARN_UNGUARDED_AVAILABILITY = YES_AGGRESSIVE;
				CLANG_WARN_UNREACHABLE_CODE = YES;
				CLANG_WARN__DUPLICATE_METHOD_MATCH = YES;
				COPY_PHASE_STRIP = NO;
				DEBUG_INFORMATION_FORMAT = "dwarf-with-dsym";
				ENABLE_NS_ASSERTIONS = NO;
				ENABLE_STRICT_OBJC_MSGSEND = YES;
				GCC_C_LANGUAGE_STANDARD = gnu11;
				GCC_NO_COMMON_BLOCKS = YES;
				GCC_WARN_64_TO_32_BIT_CONVERSION = YES;
				GCC_WARN_ABOUT_RETURN_TYPE = YES_ERROR;
				GCC_WARN_UNDECLARED_SELECTOR = YES;
				GCC_WARN_UNINITIALIZED_AUTOS = YES_AGGRESSIVE;
				GCC_WARN_UNUSED_FUNCTION = YES;
				GCC_WARN_UNUSED_VARIABLE = YES;
				IPHONEOS_DEPLOYMENT_TARGET = 16.0;
				MTL_ENABLE_DEBUG_INFO = NO;
				MTL_FAST_MATH = YES;
				SDKROOT = iphoneos;
				SWIFT_COMPILATION_MODE = wholemodule;
				SWIFT_OPTIMIZATION_LEVEL = "-O";
				VALIDATE_PRODUCT = YES;
			};
			name = Release;
		};
		27C6B133294C164400A8C3B4 /* Debug */ = {
			isa = XCBuildConfiguration;
			buildSettings = {
				ASSETCATALOG_COMPILER_APPICON_NAME = AppIcon;
				ASSETCATALOG_COMPILER_GLOBAL_ACCENT_COLOR_NAME = AccentColor;
				CODE_SIGN_STYLE = Automatic;
				CURRENT_PROJECT_VERSION = 1;
				GENERATE_INFOPLIST_FILE = YES;
				INFOPLIST_FILE = Mockeando/Info.plist;
				INFOPLIST_KEY_UIApplicationSupportsIndirectInputEvents = YES;
				INFOPLIST_KEY_UILaunchStoryboardName = LaunchScreen;
				INFOPLIST_KEY_UIMainStoryboardFile = "";
				INFOPLIST_KEY_UISupportedInterfaceOrientations_iPad = "UIInterfaceOrientationPortrait UIInterfaceOrientationPortraitUpsideDown UIInterfaceOrientationLandscapeLeft UIInterfaceOrientationLandscapeRight";
				INFOPLIST_KEY_UISupportedInterfaceOrientations_iPhone = "UIInterfaceOrientationPortrait UIInterfaceOrientationLandscapeLeft UIInterfaceOrientationLandscapeRight";
				LD_RUNPATH_SEARCH_PATHS = (
					"$(inherited)",
					"@executable_path/Frameworks",
				);
				MARKETING_VERSION = 1.0;
				PRODUCT_BUNDLE_IDENTIFIER = com.fsamboni.Mockeando;
				PRODUCT_NAME = "$(TARGET_NAME)";
				SWIFT_EMIT_LOC_STRINGS = YES;
				SWIFT_VERSION = 5.0;
				TARGETED_DEVICE_FAMILY = "1,2";
			};
			name = Debug;
		};
		27C6B134294C164400A8C3B4 /* Release */ = {
			isa = XCBuildConfiguration;
			buildSettings = {
				ASSETCATALOG_COMPILER_APPICON_NAME = AppIcon;
				ASSETCATALOG_COMPILER_GLOBAL_ACCENT_COLOR_NAME = AccentColor;
				CODE_SIGN_STYLE = Automatic;
				CURRENT_PROJECT_VERSION = 1;
				GENERATE_INFOPLIST_FILE = YES;
				INFOPLIST_FILE = Mockeando/Info.plist;
				INFOPLIST_KEY_UIApplicationSupportsIndirectInputEvents = YES;
				INFOPLIST_KEY_UILaunchStoryboardName = LaunchScreen;
				INFOPLIST_KEY_UIMainStoryboardFile = "";
				INFOPLIST_KEY_UISupportedInterfaceOrientations_iPad = "UIInterfaceOrientationPortrait UIInterfaceOrientationPortraitUpsideDown UIInterfaceOrientationLandscapeLeft UIInterfaceOrientationLandscapeRight";
				INFOPLIST_KEY_UISupportedInterfaceOrientations_iPhone = "UIInterfaceOrientationPortrait UIInterfaceOrientationLandscapeLeft UIInterfaceOrientationLandscapeRight";
				LD_RUNPATH_SEARCH_PATHS = (
					"$(inherited)",
					"@executable_path/Frameworks",
				);
				MARKETING_VERSION = 1.0;
				PRODUCT_BUNDLE_IDENTIFIER = com.fsamboni.Mockeando;
				PRODUCT_NAME = "$(TARGET_NAME)";
				SWIFT_EMIT_LOC_STRINGS = YES;
				SWIFT_VERSION = 5.0;
				TARGETED_DEVICE_FAMILY = "1,2";
			};
			name = Release;
		};
		27C6B136294C164400A8C3B4 /* Debug */ = {
			isa = XCBuildConfiguration;
			buildSettings = {
				ALWAYS_EMBED_SWIFT_STANDARD_LIBRARIES = YES;
				BUNDLE_LOADER = "$(TEST_HOST)";
				CODE_SIGN_STYLE = Automatic;
				CURRENT_PROJECT_VERSION = 1;
				GENERATE_INFOPLIST_FILE = YES;
				IPHONEOS_DEPLOYMENT_TARGET = 16.0;
				MARKETING_VERSION = 1.0;
				PRODUCT_BUNDLE_IDENTIFIER = com.fsamboni.MockeandoTests;
				PRODUCT_NAME = "$(TARGET_NAME)";
				SWIFT_EMIT_LOC_STRINGS = NO;
				SWIFT_VERSION = 5.0;
				TARGETED_DEVICE_FAMILY = "1,2";
				TEST_HOST = "$(BUILT_PRODUCTS_DIR)/Mockeando.app/$(BUNDLE_EXECUTABLE_FOLDER_PATH)/Mockeando";
			};
			name = Debug;
		};
		27C6B137294C164400A8C3B4 /* Release */ = {
			isa = XCBuildConfiguration;
			buildSettings = {
				ALWAYS_EMBED_SWIFT_STANDARD_LIBRARIES = YES;
				BUNDLE_LOADER = "$(TEST_HOST)";
				CODE_SIGN_STYLE = Automatic;
				CURRENT_PROJECT_VERSION = 1;
				GENERATE_INFOPLIST_FILE = YES;
				IPHONEOS_DEPLOYMENT_TARGET = 16.0;
				MARKETING_VERSION = 1.0;
				PRODUCT_BUNDLE_IDENTIFIER = com.fsamboni.MockeandoTests;
				PRODUCT_NAME = "$(TARGET_NAME)";
				SWIFT_EMIT_LOC_STRINGS = NO;
				SWIFT_VERSION = 5.0;
				TARGETED_DEVICE_FAMILY = "1,2";
				TEST_HOST = "$(BUILT_PRODUCTS_DIR)/Mockeando.app/$(BUNDLE_EXECUTABLE_FOLDER_PATH)/Mockeando";
			};
			name = Release;
		};
/* End XCBuildConfiguration section */

/* Begin XCConfigurationList section */
		27C6B103294C164200A8C3B4 /* Build configuration list for PBXProject "Mockeando" */ = {
			isa = XCConfigurationList;
			buildConfigurations = (
				27C6B130294C164400A8C3B4 /* Debug */,
				27C6B131294C164400A8C3B4 /* Release */,
			);
			defaultConfigurationIsVisible = 0;
			defaultConfigurationName = Release;
		};
		27C6B132294C164400A8C3B4 /* Build configuration list for PBXNativeTarget "Mockeando" */ = {
			isa = XCConfigurationList;
			buildConfigurations = (
				27C6B133294C164400A8C3B4 /* Debug */,
				27C6B134294C164400A8C3B4 /* Release */,
			);
			defaultConfigurationIsVisible = 0;
			defaultConfigurationName = Release;
		};
		27C6B135294C164400A8C3B4 /* Build configuration list for PBXNativeTarget "MockeandoTests" */ = {
			isa = XCConfigurationList;
			buildConfigurations = (
				27C6B136294C164400A8C3B4 /* Debug */,
				27C6B137294C164400A8C3B4 /* Release */,
			);
			defaultConfigurationIsVisible = 0;
			defaultConfigurationName = Release;
		};
/* End XCConfigurationList section */

/* Begin XCVersionGroup section */
		27543D5B294E5A0000E8D3F1 /* Model.xcdatamodeld */ = {
			isa = XCVersionGroup;
			children = (
				27543D5C294E5A0000E8D3F1 /* Model.xcdatamodel */,
			);
			currentVersion = 27543D5C294E5A0000E8D3F1 /* Model.xcdatamodel */;
			path = Model.xcdatamodeld;
			sourceTree = "<group>";
			versionGroupType = wrapper.xcdatamodel;
		};
/* End XCVersionGroup section */
	};
	rootObject = 27C6B100294C164200A8C3B4 /* Project object */;
}
